
Microsoft Visual Studio Solution File, Format Version 12.00
# Visual Studio Version 17
VisualStudioVersion = 17.9.34728.123
MinimumVisualStudioVersion = 10.0.40219.1
Project("{FAE04EC0-301F-11D3-BF4B-00C04F79EFBC}") = "todolist", "todolist\todolist.csproj", "{415AE0FD-A7FB-4121-B58F-4CD48EC74D24}"
EndProject
Global
	GlobalSection(SolutionConfigurationPlatforms) = preSolution
		Debug|Any CPU = Debug|Any CPU
		Release|Any CPU = Release|Any CPU
	EndGlobalSection
	GlobalSection(ProjectConfigurationPlatforms) = postSolution
		{415AE0FD-A7FB-4121-B58F-4CD48EC74D24}.Debug|Any CPU.ActiveCfg = Debug|Any CPU
		{415AE0FD-A7FB-4121-B58F-4CD48EC74D24}.Debug|Any CPU.Build.0 = Debug|Any CPU
		{415AE0FD-A7FB-4121-B58F-4CD48EC74D24}.Release|Any CPU.ActiveCfg = Release|Any CPU
		{415AE0FD-A7FB-4121-B58F-4CD48EC74D24}.Release|Any CPU.Build.0 = Release|Any CPU
	EndGlobalSection
	GlobalSection(SolutionProperties) = preSolution
		HideSolutionNode = FALSE
	EndGlobalSection
	GlobalSection(ExtensibilityGlobals) = postSolution
		SolutionGuid = {D75B2E06-D86C-453C-BC72-C101F6706C2B}
	EndGlobalSection
EndGlobal
